{
    "_meta": {
        "hash": {
            "sha256": "b573310e7b0338e066f01ec68db0caef019fb71f640135f1c3a26694871058b3"
        },
        "pipfile-spec": 6,
        "requires": {
            "python_version": "3.7"
        },
        "sources": [
            {
                "name": "pypi",
                "url": "https://pypi.org/simple",
                "verify_ssl": true
            }
        ]
    },
    "default": {
        "blis": {
            "hashes": [
                "sha256:168fd7bd763ebe529aa25a066d3a6b89f4c3f492f6297f881df6942741b95787",
                "sha256:4222bbc7b9c47bc3cf6f36f2241862c1512ca7ebac3828267a2e05ef6c47fc54",
                "sha256:445e4838b809e99677f5c0982fb9af320f0d91328fb28c8097e5f1173c4df9d6",
                "sha256:5b403deb2ad5515e1edb3c0867bccb5b974b461f24283d9219a3a761fd6dacc6",
                "sha256:5c1a2023f7d8431daa8d87d32f539bb23e1a009500c37f9eba0ac7b3f20f73eb",
                "sha256:5ecddc4c6daf80558154b091db0a9839bb15dbe65d2906a543a73b93fbce4f73",
                "sha256:6814991b3e3193db4f9b2417174c6f24b9c0197409d864fa7628583bd2df1f0f",
                "sha256:78a8e0ee72a42c3b2f5b9114500a781119995f76fa6c21d4b02c6fb9c21df2cc",
                "sha256:7daa615a97d4f28db0f332b710bfe1900b15d0c25841c6d727965e4fd91e09cf",
                "sha256:94890b2296f1449baa56aede46627ea7fc8de11c788f9c261ee38c2eb4a2cc7d",
                "sha256:9f9b829480c12fc834549306821e5c51cb28b216ca5f88c5b2cfedbeb9daf67d",
                "sha256:c2d8064217c326dd9a0dcbae294ffe8557263e2a00d76101ffa222b9c9d9c62d",
                "sha256:d717b5dea407aac89a646908e7d9849105abab9c88a539c120518c200f899f4e"
            ],
            "version": "==0.7.4"
        },
        "catalogue": {
            "hashes": [
                "sha256:584d78e7f4c3c6e2fd498eb56dfc8ef1f4ff738480237de2ccd26cbe2cf47172",
                "sha256:d74d1d856c6b36a37bf14aa6dbbc27d0582667b7ab979a6108e61a575e8723f5"
            ],
            "version": "==1.0.0"
        },
        "certifi": {
            "hashes": [
                "sha256:1a4995114262bffbc2413b159f2a1a480c969de6e6eb13ee966d470af86af59c",
                "sha256:719a74fb9e33b9bd44cc7f3a8d94bc35e4049deebe19ba7d8e108280cfd59830"
            ],
            "version": "==2020.12.5"
        },
        "chardet": {
            "hashes": [
                "sha256:0d6f53a15db4120f2b08c94f11e7d93d2c911ee118b6b30a04ec3ee8310179fa",
                "sha256:f864054d66fd9118f2e67044ac8981a54775ec5b67aed0441892edb553d21da5"
            ],
            "version": "==4.0.0"
        },
        "click": {
            "hashes": [
                "sha256:d2b5255c7c6349bc1bd1e59e08cd12acbbd63ce649f2588755783aa94dfb6b1a",
                "sha256:dacca89f4bfadd5de3d7489b7c8a566eee0d3676333fbb50030263894c38c0dc"
            ],
            "index": "pypi",
            "version": "==7.1.2"
        },
        "cymem": {
            "hashes": [
                "sha256:01d3ea159f7a3f3192b1e800ed8207dac7586794d903a153198b9ea317f144bc",
                "sha256:190e15d9cf2c3bde60ae37bddbae6568a36044dc4a326d84081a5fa08818eee0",
                "sha256:1f0eb9b3d03623dcfc746cf8bff0663b0e347f4aea759965c8932087a0307ee9",
                "sha256:3d48902d7441645835fefc7832df49feb5362c7300d182475b63a01d25ae44ef",
                "sha256:4bd023c2477198b39b660c2a6b0242880649765ecee8461688a57fd4afd2bfc0",
                "sha256:734d82d0d03c2ceb929bc1744c04dbe0a105e68a4947c8406056a36f86c41830",
                "sha256:8ea57e6923f40eb51012352161bb5707c14a5a5ce901ff72021e59df06221655",
                "sha256:9d72d69f7a62a280199c3aa7bc550685c47d6d0689b2d299e6492253b86d2437",
                "sha256:a440d63577fcdc9c528c9cc026b7b4f8648193bac462bc0596c9eac10f9fba62",
                "sha256:ce1e81c1d031f56b67bac2136e73b4512cbc794706cd570178972d54ba6115d8",
                "sha256:d19f68b90411e02ab33b1654118337f96f41c13a3cd00c4f44f7abed2bc712e7",
                "sha256:d307f7f6230d861a938837cae4b855226b6845a21c010242a15e9ce6853856cd",
                "sha256:f2167c9959fcd639b95d51fa5efaa7c61eef8d686cb75a25412a914f428ce980"
            ],
            "version": "==2.0.5"
        },
        "en-core-web-sm": {
            "file": "https://github.com/explosion/spacy-models/releases/download/en_core_web_sm-2.3.1/en_core_web_sm-2.3.1.tar.gz",
            "version": "==2.3.1"
        },
        "grpcio": {
            "hashes": [
                "sha256:10cdc8946a7c2284bbc8e16d346eaa2beeaae86ea598f345df86d4ef7dfedb84",
                "sha256:23bc395a32c2465564cb242e48bdd2fdbe5a4aebf307649a800da1b971ee7f29",
                "sha256:2637ce96b7c954d2b71060f50eb4c72f81668f1b2faa6cbdc74677e405978901",
                "sha256:3d8c510b6eabce5192ce126003d74d7751c7218d3e2ad39fcf02400d7ec43abe",
                "sha256:5024b26e17a1bfc9390fb3b8077bf886eee02970af780fd23072970ef08cefe8",
                "sha256:517538a54afdd67162ea2af1ac3326c0752c5d13e6ddadbc4885f6a28e91ab28",
                "sha256:524ae8d3da61b856cf08abb3d0947df05402919e4be1f88328e0c1004031f72e",
                "sha256:54e4658c09084b09cd83a5ea3a8bce78e4031ff1010bb8908c399a22a76a6f08",
                "sha256:57c8cc2ae8cb94c3a89671af7e1380a4cdfcd6bab7ba303f4461ec32ded250ae",
                "sha256:5fd9ffe938e9225c654c60eb21ff011108cc27302db85200413807e0eda99a4a",
                "sha256:75b2247307a7ecaf6abc9eb2bd04af8f88816c111b87bf0044d7924396e9549c",
                "sha256:7bf3cb1e0f4a9c89f7b748583b994bdce183103d89d5ff486da48a7668a052c7",
                "sha256:7e02a7c40304eecee203f809a982732bd37fad4e798acad98fe73c66e44ff2db",
                "sha256:806c9759f5589b3761561187408e0313a35c5c53f075c7590effab8d27d67dfe",
                "sha256:80e9f9f6265149ca7c84e1c8c31c2cf3e2869c45776fbe8880a3133a11d6d290",
                "sha256:81bbf78a399e0ee516c81ddad8601f12af3fc9b30f2e4b2fbd64efd327304a4d",
                "sha256:886d48c32960b39e059494637eb0157a694956248d03b0de814447c188b74799",
                "sha256:97b72bf2242a351a89184134adbb0ae3b422e6893c6c712bc7669e2eab21501b",
                "sha256:97fcbdf1f12e0079d26db73da11ee35a09adc870b1e72fbff0211f6a8003a4e8",
                "sha256:9cfb4b71cc3c8757f137d47000f9d90d4bd818733f9ab4f78bd447e052a4cb9a",
                "sha256:9ef0370bcf629ece4e7e37796e4604e2514b920669be2911fc3f9c163a73a57b",
                "sha256:a6dddb177b3cfa0cfe299fb9e07d6a3382cc79466bef48fe9c4326d5c5b1dcb8",
                "sha256:a97ea91e31863c9a3879684b5fb3c6ab4b17c5431787548fc9f52b9483ea9c25",
                "sha256:b49f243936b0f6ae8eb6adf88a1e54e736f1c6724a1bff6b591d105d708263ad",
                "sha256:b85f355fc24b68a6c52f2750e7141110d1fcd07dfdc9b282de0000550fe0511b",
                "sha256:c3a0ef12ee86f6e72db50e01c3dba7735a76d8c30104b9b0f7fd9d65ceb9d93f",
                "sha256:da0ca9b1089d00e39a8b83deec799a4e5c37ec1b44d804495424acde50531868",
                "sha256:e90f3d11185c36593186e5ff1f581acc6ddfa4190f145b0366e579de1f52803b",
                "sha256:ebf0ccb782027ef9e213e03b6d00bbd8dabd80959db7d468c0738e6d94b5204c",
                "sha256:eede3039c3998e2cc0f6713f4ac70f235bd32967c9b958a17bf937aceebc12c3",
                "sha256:ff7931241351521b8df01d7448800ce0d59364321d8d82c49b826d455678ff08"
            ],
            "index": "pypi",
            "version": "==1.29.0"
        },
        "idna": {
            "hashes": [
                "sha256:b307872f855b18632ce0c21c5e45be78c0ea7ae4c15c828c20788b26921eb3f6",
                "sha256:b97d804b1e9b523befed77c48dacec60e6dcb0b5391d57af6a65a312a90648c0"
            ],
            "version": "==2.10"
        },
        "importlib-metadata": {
            "hashes": [
                "sha256:742add720a20d0467df2f444ae41704000f50e1234f46174b51f9c6031a1bd71",
                "sha256:b74159469b464a99cb8cc3e21973e4d96e05d3024d337313fedb618a6e86e6f4"
            ],
            "markers": "python_version < '3.8'",
            "version": "==3.7.3"
        },
        "murmurhash": {
            "hashes": [
                "sha256:023391cfefe584ac544c1ea0936976c0119b17dd27bb8280652cef1704f76428",
                "sha256:23c56182822a1ed88e2a098ac56958dfec380696a9a943df203b9b41e4bcf5e4",
                "sha256:76251513a2acad6c2e4b7aeffc5fcb807ee97a66cad5c2990557556555a6b7e9",
                "sha256:81474a45c4074637a6dfc8fea4cdebf091ab5aa781c2cfcb94c43b16030badd7",
                "sha256:8381172e03c5f6f947005fb146a53c5e5a9e0d630be4a40cbf8838e9324bfe1c",
                "sha256:892749023da26420d194f37bfa30df1368aaac0149cfa3b2105db36b66549e37",
                "sha256:98ec9d727bd998a35385abd56b062cf0cca216725ea7ec5068604ab566f7e97f",
                "sha256:99e55488476a5f70e8d305fd31258f140e52f724f788bcc50c31ec846a2b3766",
                "sha256:a9bd2312996e6e47605af305a1e5f091eba1bdd637cdd9986aec4885cb4c5530",
                "sha256:add366944eb8ec73013a4f36e166c5a4f0f7628ffe1746bc5fe031347489e5e8",
                "sha256:b9292c532538cf47846ca81056cfeab08b877c35fe7521d6524aa92ddcd833e2",
                "sha256:d4c3a0242014cf4c84e9ea0ba3f13b48f02a3992de3da7b1116d11b816451195",
                "sha256:d58315961dc5a5e740f41f2ac5c3a0ebc61ef472f8afeb4db7eeb3b863243105",
                "sha256:ef8819d15973e0d6f69688bafc097a1fae081675c1de39807028869a1320b1a9",
                "sha256:f00321998f0a6bad3fd068babf448a296d4b0b1f4dd424cab863ebe5ed54182f",
                "sha256:fd17973fd4554715efd8d86b3e9200358e49e437fdb92a897ca127aced48b61c",
                "sha256:fed7578fbaa6c301f27ed80834c1f7494ea7d335e269e98b9aee477cf0b3b487"
            ],
            "version": "==1.0.5"
        },
        "numpy": {
            "hashes": [
                "sha256:032be656d89bbf786d743fee11d01ef318b0781281241997558fa7950028dd29",
                "sha256:104f5e90b143dbf298361a99ac1af4cf59131218a045ebf4ee5990b83cff5fab",
                "sha256:125a0e10ddd99a874fd357bfa1b636cd58deb78ba4a30b5ddb09f645c3512e04",
                "sha256:12e4ba5c6420917571f1a5becc9338abbde71dd811ce40b37ba62dec7b39af6d",
                "sha256:13adf545732bb23a796914fe5f891a12bd74cf3d2986eed7b7eba2941eea1590",
                "sha256:2d7e27442599104ee08f4faed56bb87c55f8b10a5494ac2ead5c98a4b289e61f",
                "sha256:3bc63486a870294683980d76ec1e3efc786295ae00128f9ea38e2c6e74d5a60a",
                "sha256:3d3087e24e354c18fb35c454026af3ed8997cfd4997765266897c68d724e4845",
                "sha256:4ed8e96dc146e12c1c5cdd6fb9fd0757f2ba66048bf94c5126b7efebd12d0090",
                "sha256:60759ab15c94dd0e1ed88241fd4fa3312db4e91d2c8f5a2d4cf3863fad83d65b",
                "sha256:65410c7f4398a0047eea5cca9b74009ea61178efd78d1be9847fac1d6716ec1e",
                "sha256:66b467adfcf628f66ea4ac6430ded0614f5cc06ba530d09571ea404789064adc",
                "sha256:7199109fa46277be503393be9250b983f325880766f847885607d9b13848f257",
                "sha256:72251e43ac426ff98ea802a931922c79b8d7596480300eb9f1b1e45e0543571e",
                "sha256:89e5336f2bec0c726ac7e7cdae181b325a9c0ee24e604704ed830d241c5e47ff",
                "sha256:89f937b13b8dd17b0099c7c2e22066883c86ca1575a975f754babc8fbf8d69a9",
                "sha256:9c94cab5054bad82a70b2e77741271790304651d584e2cdfe2041488e753863b",
                "sha256:9eb551d122fadca7774b97db8a112b77231dcccda8e91a5bc99e79890797175e",
                "sha256:a1d7995d1023335e67fb070b2fae6f5968f5be3802b15ad6d79d81ecaa014fe0",
                "sha256:ae61f02b84a0211abb56462a3b6cd1e7ec39d466d3160eb4e1da8bf6717cdbeb",
                "sha256:b9410c0b6fed4a22554f072a86c361e417f0258838957b78bd063bde2c7f841f",
                "sha256:c26287dfc888cf1e65181f39ea75e11f42ffc4f4529e5bd19add57ad458996e2",
                "sha256:c91ec9569facd4757ade0888371eced2ecf49e7982ce5634cc2cf4e7331a4b14",
                "sha256:ecb5b74c702358cdc21268ff4c37f7466357871f53a30e6f84c686952bef16a9"
            ],
            "version": "==1.20.1"
        },
        "plac": {
            "hashes": [
                "sha256:398cb947c60c4c25e275e1f1dadf027e7096858fb260b8ece3b33bcff90d985f",
                "sha256:487e553017d419f35add346c4c09707e52fa53f7e7181ce1098ca27620e9ceee"
            ],
            "version": "==1.1.3"
        },
        "preshed": {
            "hashes": [
                "sha256:12cbe1e378b4f1c6b06f5e4130408befe916e55ea1616e6aa63c5cd0ccd9c927",
                "sha256:1bdededa7fd81f26a42bc9d11d542657c74746b7ea7fc2b2ca6d0ddbf1f93792",
                "sha256:1ce0846cb7ebb2ea913d44ec2e296098c285443ecdea80ddf02656bbef4deacb",
                "sha256:30f0c8ea85113d0565a1e3eb6222d00513ec39b56f3f9a2615e304575e65422e",
                "sha256:56b9603517bb2a364418163236d6a147a1d722ff7546cbe085e76e25ae118e89",
                "sha256:572899224578d30f6a67fadecb3d62b824866b4d2b6bad73f71abf7585db1389",
                "sha256:5e06a49477bd257eea02bf823b5d3e201d00a19d6976523a58da8606b2358481",
                "sha256:67c11e384ce4c008bc487ba3a29bafdfe038b9a2546ccfe0fe2160480b356fed",
                "sha256:6e833f1632a1d0232bdc6df6c3542fb130ef044d8656b24576d9fd19e5f1e0d1",
                "sha256:6f126bcc414a0304b54956f9dac2628a0f9bef1657d1b3a3837fc82b791aa2a1",
                "sha256:85074eebf90a858a6b68242f1ae265ca99e1af45bf9dafcb9a83d49b0815a2e1",
                "sha256:8a3adffde3126c2a0ab7d57cab1d605cb5f63da1ba88088ad3cf8debfd9aa4dc",
                "sha256:8a560850b8c53c1487ba51c2b0f5769535512b36d3b129ad5796b64653abe2f9",
                "sha256:9ebf444f8487782c84d7b5acb1d7195e603155882fafc4697344199eeeafbe5f",
                "sha256:c6d3dba39ed5059aaf99767017b9568c75b2d0780c3481e204b1daecde00360e",
                "sha256:ca4a7681b643b8356e7dfdab9cf668b2b34bd07ef4b09ebed44c8aeb3b1626ee",
                "sha256:fb4d2e82add82d63b2c97802b759a58ff200d06b632e2edc48a9ced1e6472faf"
            ],
            "version": "==3.0.5"
        },
        "protobuf": {
            "hashes": [
                "sha256:304e08440c4a41a0f3592d2a38934aad6919d692bb0edfb355548786728f9a5e",
                "sha256:49ef8ab4c27812a89a76fa894fe7a08f42f2147078392c0dee51d4a444ef6df5",
                "sha256:50b5fee674878b14baea73b4568dc478c46a31dd50157a5b5d2f71138243b1a9",
                "sha256:5524c7020eb1fb7319472cb75c4c3206ef18b34d6034d2ee420a60f99cddeb07",
                "sha256:612bc97e42b22af10ba25e4140963fbaa4c5181487d163f4eb55b0b15b3dfcd2",
                "sha256:6f349adabf1c004aba53f7b4633459f8ca8a09654bf7e69b509c95a454755776",
                "sha256:85b94d2653b0fdf6d879e39d51018bf5ccd86c81c04e18a98e9888694b98226f",
                "sha256:87535dc2d2ef007b9d44e309d2b8ea27a03d2fa09556a72364d706fcb7090828",
                "sha256:a7ab28a8f1f043c58d157bceb64f80e4d2f7f1b934bc7ff5e7f7a55a337ea8b0",
                "sha256:a96f8fc625e9ff568838e556f6f6ae8eca8b4837cdfb3f90efcb7c00e342a2eb",
                "sha256:b5a114ea9b7fc90c2cc4867a866512672a47f66b154c6d7ee7e48ddb68b68122",
                "sha256:be04fe14ceed7f8641e30f36077c1a654ff6f17d0c7a5283b699d057d150d82a",
                "sha256:bff02030bab8b969f4de597543e55bd05e968567acb25c0a87495a31eb09e925",
                "sha256:c9ca9f76805e5a637605f171f6c4772fc4a81eced4e2f708f79c75166a2c99ea",
                "sha256:e1464a4a2cf12f58f662c8e6421772c07947266293fb701cb39cd9c1e183f63c",
                "sha256:e72736dd822748b0721f41f9aaaf6a5b6d5cfc78f6c8690263aef8bba4457f0e",
                "sha256:eafe9fa19fcefef424ee089fb01ac7177ff3691af7cc2ae8791ae523eb6ca907",
                "sha256:f4b73736108a416c76c17a8a09bc73af3d91edaa26c682aaa460ef91a47168d3"
            ],
            "index": "pypi",
            "version": "==3.12.2"
        },
        "requests": {
            "hashes": [
                "sha256:27973dd4a904a4f13b263a19c866c13b92a39ed1c964655f025f3f8d3d75b804",
                "sha256:c210084e36a42ae6b9219e00e48287def368a26d03a048ddad7bfee44f75871e"
            ],
            "version": "==2.25.1"
        },
        "six": {
            "hashes": [
                "sha256:30639c035cdb23534cd4aa2dd52c3bf48f06e5f4a941509c8bafd8ce11080259",
                "sha256:8b74bedcbbbaca38ff6d7491d76f2b06b3592611af620f8426e82dddb04a5ced"
            ],
            "version": "==1.15.0"
        },
        "spacy": {
            "hashes": [
                "sha256:118a92582b1054b5de7bc5ed763f47ee89388847ede1e0597c6df4b509643e14",
                "sha256:14bb12de0d03beb2d8309f194154db70fb364a0fae727e864c2b0228bf3438d8",
                "sha256:315278ab60094643baecd866017c7d4cbd966efd2d517ad0e6c888edf7fa5aef",
                "sha256:3e9496f5ea3d08f2b9fc3e326c2c8cc7886df0db982a41dca2521d3f22ca043e",
                "sha256:45497775e986d2790c7ee3625c565e3ef7e9ffa607d50230aa3382dd6d9b26e7",
                "sha256:49f7818bd8a597887013fdaaea3263d8b6e99ca64db0933c32f0896158898209",
                "sha256:4b7c0c8ab94c6433f08633fef415a054d1f3345b205bcb064578c79f35192917",
                "sha256:4e2e79ab7c2af2af8a91913d6d096dd2e6a5a422142cfb35b30c574f776b9fd7",
                "sha256:c7b3d7928d047e5abcd591f8cf6a1c508da16423d371b8a21332101cab46ff7c",
                "sha256:cecb9987a875620d0f185ff07dd04cd64d5097de48689e506256a27a46a644a1",
                "sha256:ec9eebfae2a35e464d1c35aa2109422765967ba5b10fa9f11da8873801d2241a",
                "sha256:f153d8aa6104694389ef85c578ac1a3900b142f108248c7b9f5790d010fbe4ee",
                "sha256:faa728e56f7b8fe0a70c4bedc42611da23de86b783f6ad588a92c115f427b90c"
            ],
            "index": "pypi",
            "version": "==2.3.5"
        },
        "srsly": {
            "hashes": [
                "sha256:11447f8e659e1f62f29302252fb057f179031457b36c83426027182f624fe565",
                "sha256:23c7205b8c1cac49a03521bee37f0afe3680d9f0ec18c75ab3ac39bd3e15272b",
                "sha256:2615b8713dfe793ca57925076b0869385d56754816b1eaee5490a6827a1cb5c7",
                "sha256:334f29435099e644a8047b63d60b8386a98b5f7b4739f7efc86b46ca0200aa0e",
                "sha256:4c43a1f28e555891a1e65650adea2c5d0f0fe4b3d63821de65c8357f32c3a11c",
                "sha256:779ebfaa3cf1d5c0f1286ac1baf06af5f2a17bb103622992c71acc6ac20b2781",
                "sha256:8fc4c0641537262e15c7b5b57edc47487b15ac47b696adcb81e0a770ef78e8f5",
                "sha256:a1449da4195e30a3bd1fd3122e5b1a0c57703843c590643555c412fc87132aa0",
                "sha256:a2746afccfd4f51f0793cccc2b6d5e8a564c962870feec5c77408244c1dbb3c5",
                "sha256:a696e9c925e91f76ec53840c55483a4fbf76cb717424410a4f249d4805439038",
                "sha256:b5b887328ac6e210842560fcf32a29c2a9c1ed38c6d47479cadc03d81940da8c",
                "sha256:d3dd796372367c71946d0cd6f734e49db3d99dd13a57bdac937d9eb62689fc9e",
                "sha256:fd5e1e01f5fd0f532a6f3977bb74facc42f1b7155402ee3d06c07a73e83e3c47"
            ],
            "version": "==1.0.5"
        },
        "tabulate": {
            "hashes": [
                "sha256:ac64cb76d53b1231d364babcd72abbb16855adac7de6665122f97b593f1eb2ba",
                "sha256:db2723a20d04bcda8522165c73eea7c300eda74e0ce852d9022e0159d7895007"
            ],
            "index": "pypi",
            "version": "==0.8.7"
        },
        "thinc": {
            "hashes": [
                "sha256:02b71ae5a0fa906a0aca968bd65589e0ab9fabd511e57be839774228b1509224",
                "sha256:10bafe5ddce698180098345b9c55f762dc3456558be844d35d64175e511581b6",
                "sha256:24086aa0fb72f466782115d529574a825c89afa62eb817962b9339f61ab50e0d",
                "sha256:29a47ad0289dda0520b5af8538b30e8134553130200b83c34311feb71739968d",
                "sha256:309ec4cae81f4de2e4e4fbd0bcb52b10bef4b1a6352c6a9143f6a53d3b1060ef",
                "sha256:5743fde41706252ec6ce4737c68d3505f7e1cc3d4431174a17149838d594f8cb",
                "sha256:5774007b5c52501cab5e2970cadca84923b4c420fff06172f2d0c86531973ce8",
                "sha256:8b647de79fe5f98cd327983bf0e27d006b48ad9694ceabdb9a3832b614ed1618",
                "sha256:c408ab24b24e6368ce4b6ddebb579118042a22d3f2f2c4e19ca67e3eadc9ed33",
                "sha256:c43ed753aa70bc619e42e168be4926c8a47799af6121ff0727ba99b330afbb44",
                "sha256:cce68c5ea54cd32cef661858363509afdedad047027e8cdf0dc4edec0c2cc010",
                "sha256:d01ab1480d37ebefcac22d63ffe01916c9f025ae3dbdbe5824ac3ea5cce8e3fd",
                "sha256:fae320de65af70786c1526ffc33b88f2da650d3106f5f9a06b37f0ac3944a44f"
            ],
            "version": "==7.4.5"
        },
        "tqdm": {
            "hashes": [
                "sha256:9fdf349068d047d4cfbe24862c425883af1db29bcddf4b0eeb2524f6fbdb23c7",
                "sha256:d666ae29164da3e517fcf125e41d4fe96e5bb375cd87ff9763f6b38b5592fe33"
            ],
            "version": "==4.59.0"
        },
        "typing-extensions": {
            "hashes": [
                "sha256:7cb407020f00f7bfc3cb3e7881628838e69d8f3fcab2f64742a5e76b2f841918",
                "sha256:99d4073b617d30288f569d3f13d2bd7548c3a7e4c8de87db09a9d29bb3a4a60c",
                "sha256:dafc7639cde7f1b6e1acc0f457842a83e722ccca8eef5270af2d74792619a89f"
            ],
            "markers": "python_version < '3.8'",
            "version": "==3.7.4.3"
        },
        "urllib3": {
            "hashes": [
                "sha256:1b465e494e3e0d8939b50680403e3aedaa2bc434b7d5af64dfd3c958d7f5ae80",
                "sha256:de3eedaad74a2683334e282005cd8d7f22f4d55fa690a2a1020a416cb0a47e73"
            ],
            "index": "pypi",
            "version": "==1.26.3"
        },
        "wasabi": {
            "hashes": [
                "sha256:a493e09d86109ec6d9e70d040472f9facc44634d4ae6327182f94091ca73a490",
                "sha256:b4a36aaa9ca3a151f0c558f269d442afbb3526f0160fd541acd8a0d5e5712054"
            ],
            "version": "==0.8.2"
        },
        "zipp": {
            "hashes": [
                "sha256:3607921face881ba3e026887d8150cca609d517579abe052ac81fc5aeffdbd76",
                "sha256:51cb66cc54621609dd593d1787f286ee42a5c0adbb4b29abea5a63edc3e03098"
            ],
            "version": "==3.4.1"
        }
    },
    "develop": {
        "attrs": {
            "hashes": [
                "sha256:31b2eced602aa8423c2aea9c76a724617ed67cf9513173fd3a4f03e3a929c7e6",
                "sha256:832aa3cde19744e49938b91fea06d69ecb9e649c93ba974535d08ad92164f700"
            ],
            "version": "==20.3.0"
        },
        "grpcio": {
            "hashes": [
                "sha256:10cdc8946a7c2284bbc8e16d346eaa2beeaae86ea598f345df86d4ef7dfedb84",
                "sha256:23bc395a32c2465564cb242e48bdd2fdbe5a4aebf307649a800da1b971ee7f29",
                "sha256:2637ce96b7c954d2b71060f50eb4c72f81668f1b2faa6cbdc74677e405978901",
                "sha256:3d8c510b6eabce5192ce126003d74d7751c7218d3e2ad39fcf02400d7ec43abe",
                "sha256:5024b26e17a1bfc9390fb3b8077bf886eee02970af780fd23072970ef08cefe8",
                "sha256:517538a54afdd67162ea2af1ac3326c0752c5d13e6ddadbc4885f6a28e91ab28",
                "sha256:524ae8d3da61b856cf08abb3d0947df05402919e4be1f88328e0c1004031f72e",
                "sha256:54e4658c09084b09cd83a5ea3a8bce78e4031ff1010bb8908c399a22a76a6f08",
                "sha256:57c8cc2ae8cb94c3a89671af7e1380a4cdfcd6bab7ba303f4461ec32ded250ae",
                "sha256:5fd9ffe938e9225c654c60eb21ff011108cc27302db85200413807e0eda99a4a",
                "sha256:75b2247307a7ecaf6abc9eb2bd04af8f88816c111b87bf0044d7924396e9549c",
                "sha256:7bf3cb1e0f4a9c89f7b748583b994bdce183103d89d5ff486da48a7668a052c7",
                "sha256:7e02a7c40304eecee203f809a982732bd37fad4e798acad98fe73c66e44ff2db",
                "sha256:806c9759f5589b3761561187408e0313a35c5c53f075c7590effab8d27d67dfe",
                "sha256:80e9f9f6265149ca7c84e1c8c31c2cf3e2869c45776fbe8880a3133a11d6d290",
                "sha256:81bbf78a399e0ee516c81ddad8601f12af3fc9b30f2e4b2fbd64efd327304a4d",
                "sha256:886d48c32960b39e059494637eb0157a694956248d03b0de814447c188b74799",
                "sha256:97b72bf2242a351a89184134adbb0ae3b422e6893c6c712bc7669e2eab21501b",
                "sha256:97fcbdf1f12e0079d26db73da11ee35a09adc870b1e72fbff0211f6a8003a4e8",
                "sha256:9cfb4b71cc3c8757f137d47000f9d90d4bd818733f9ab4f78bd447e052a4cb9a",
                "sha256:9ef0370bcf629ece4e7e37796e4604e2514b920669be2911fc3f9c163a73a57b",
                "sha256:a6dddb177b3cfa0cfe299fb9e07d6a3382cc79466bef48fe9c4326d5c5b1dcb8",
                "sha256:a97ea91e31863c9a3879684b5fb3c6ab4b17c5431787548fc9f52b9483ea9c25",
                "sha256:b49f243936b0f6ae8eb6adf88a1e54e736f1c6724a1bff6b591d105d708263ad",
                "sha256:b85f355fc24b68a6c52f2750e7141110d1fcd07dfdc9b282de0000550fe0511b",
                "sha256:c3a0ef12ee86f6e72db50e01c3dba7735a76d8c30104b9b0f7fd9d65ceb9d93f",
                "sha256:da0ca9b1089d00e39a8b83deec799a4e5c37ec1b44d804495424acde50531868",
                "sha256:e90f3d11185c36593186e5ff1f581acc6ddfa4190f145b0366e579de1f52803b",
                "sha256:ebf0ccb782027ef9e213e03b6d00bbd8dabd80959db7d468c0738e6d94b5204c",
                "sha256:eede3039c3998e2cc0f6713f4ac70f235bd32967c9b958a17bf937aceebc12c3",
                "sha256:ff7931241351521b8df01d7448800ce0d59364321d8d82c49b826d455678ff08"
            ],
            "index": "pypi",
            "version": "==1.29.0"
        },
        "grpcio-testing": {
            "hashes": [
                "sha256:b7b102cffec3f599c902dc08a442100c43228c693df46329dc8f0b6354dcd25e"
            ],
            "index": "pypi",
            "version": "==1.29.0"
        },
        "grpcio-tools": {
            "hashes": [
                "sha256:05f214bc904c8e4ebf0240993a868895ff96184172243c0c61b323f6f029863d",
                "sha256:0f681c1ebd5472b804baa391b16dc59d92b065903999566f4776bfbd010bcec9",
                "sha256:1038b3d6cfd7206caf7c0a54ed06896e2aeb0a7d213a40d9000a70595e2fca21",
                "sha256:1626cd01a484f29cc9b33c3902851490149d40a550b92a382978571ca7e712cf",
                "sha256:1a606f2f5b23822e2e5271bf0df98c140ceed154ea6bf5c04ea85a37a0317771",
                "sha256:22d91ceb853f6846bcc23f15d8a936574eeb9fc7e8941bb8a1a5f8fcf4f566b2",
                "sha256:2a1f27a21d09e864cdfcff22265af86d9a548ea9a775e5d6a27d7abb71c3b5aa",
                "sha256:2a681ebfde0d83b70117cac745a97a3e5dc258fd817c1c1dd2bf99579b663a28",
                "sha256:2f1d80e3988d86477633fb39442a2310513d02fcc48881b359257a4be3cfd336",
                "sha256:38ab9e8afdf34289eab85ce2343c451c36837bf2521b927b30d9a845304abf4c",
                "sha256:47d13ddbbc2bd0e21a6109f74e731049b1d8738b5d0124580efca3721fe77fd2",
                "sha256:49dcf4c11ba2766d065c90a61eb1cefc55d5d094f93c1f66a4d98bfcbc5f740c",
                "sha256:56aade8ed52a6cca74a4703279aaae4aa2e2b87d0ccb5778f95d31267e74fc6b",
                "sha256:5beffd530b496866b8e8dc811e942815a6e637669350c1341b5972bb692465cc",
                "sha256:658e131e983f4c3bec2e096c3cc048e6420acad2b19fad82328c481088ce0d1a",
                "sha256:6eddefcd10f261d2aef6c122fb0651a53fcaee86e47d407492c9acf57107c91a",
                "sha256:78075ee7459001cf5c81b1f2e3f047b63d35ed018b9e15e3abeda59b70af0a4e",
                "sha256:7c52f68e864f60ed51ea59a3fd18d0989720bbf2e32d47b4096eba7b0b7f7086",
                "sha256:7e52c8ed5e0157ff85493f93540e3c897c7d97be03afc73230d1022ba7b80528",
                "sha256:8ffdcb1cbbc1bdfe249eb08c9fc6557b4f83b9f6145b5914bfd2973013d6dc1f",
                "sha256:9de112c090ab67e90b8c36eee5876278c8d037bf7c55052848886c1e8a2dd1c2",
                "sha256:afcb030067ba1b6c371a7bfd1ffd77375534144000d47d245ca77ebbd195901d",
                "sha256:b504e844e6f3610f279e0fba719052a73d5acc858a82d5a1151155b3c2304478",
                "sha256:b55346fa75df4b1581627022a2c79cfeb58cdaebf719cdbf63ff8ae6d7d7704b",
                "sha256:bab2a3d627f114091a758d8a7ae48af54bff717f84bb34538fed5114982e73a5",
                "sha256:c52bcc2e5e9d93b805e6f292e543cbabeb9a751dc9d4d451c39d4c30ee311142",
                "sha256:d89a43d14fb3043c1876e78d7ad5018c762b0ce51c199c588fa9142442546005",
                "sha256:f464d2efe04a46a17cf9493d67e6839aa535bb8a904cc6a2b588f1b156c9265d",
                "sha256:f672a606a59145bacc58cf4c4bb407f107abe1289f607c09e9224c99e897ed1a",
                "sha256:faf845f71fcb6cb5088429c676ae644116d56e5de41c639be4d7399bf71b9637",
                "sha256:fb9c46b8a0ee1a5990f29d891d6023cb92fdab9aed408194667df04f72e9caf6"
            ],
            "index": "pypi",
            "version": "==1.29.0"
        },
        "importlib-metadata": {
            "hashes": [
                "sha256:742add720a20d0467df2f444ae41704000f50e1234f46174b51f9c6031a1bd71",
                "sha256:b74159469b464a99cb8cc3e21973e4d96e05d3024d337313fedb618a6e86e6f4"
            ],
            "markers": "python_version < '3.8'",
            "version": "==3.7.3"
        },
        "iniconfig": {
            "hashes": [
                "sha256:011e24c64b7f47f6ebd835bb12a743f2fbe9a26d4cecaa7f53bc4f35ee9da8b3",
                "sha256:bc3af051d7d14b2ee5ef9969666def0cd1a000e121eaea580d4a313df4b37f32"
            ],
            "version": "==1.1.1"
        },
        "mypy-protobuf": {
            "hashes": [
                "sha256:0eb8db49b014d1082f370a39eeaf272d1cc9978f728b64ee6fcc822d00a8793c",
                "sha256:c052d2e36a420d7b9ab8f4477e39345a08d6ffdfa92bf76c7d9fdce5153e3780"
            ],
            "index": "pypi",
            "version": "==1.21"
        },
        "packaging": {
            "hashes": [
                "sha256:5b327ac1320dc863dca72f4514ecc086f31186744b84a230374cc1fd776feae5",
                "sha256:67714da7f7bc052e064859c05c595155bd1ee9f69f76557e21f051443c20947a"
            ],
            "version": "==20.9"
        },
        "pluggy": {
            "hashes": [
                "sha256:15b2acde666561e1298d71b523007ed7364de07029219b604cf808bfa1c765b0",
                "sha256:966c145cd83c96502c3c3868f50408687b38434af77734af1e9ca461a4081d2d"
            ],
            "version": "==0.13.1"
        },
        "protobuf": {
            "hashes": [
                "sha256:304e08440c4a41a0f3592d2a38934aad6919d692bb0edfb355548786728f9a5e",
                "sha256:49ef8ab4c27812a89a76fa894fe7a08f42f2147078392c0dee51d4a444ef6df5",
                "sha256:50b5fee674878b14baea73b4568dc478c46a31dd50157a5b5d2f71138243b1a9",
                "sha256:5524c7020eb1fb7319472cb75c4c3206ef18b34d6034d2ee420a60f99cddeb07",
                "sha256:612bc97e42b22af10ba25e4140963fbaa4c5181487d163f4eb55b0b15b3dfcd2",
                "sha256:6f349adabf1c004aba53f7b4633459f8ca8a09654bf7e69b509c95a454755776",
                "sha256:85b94d2653b0fdf6d879e39d51018bf5ccd86c81c04e18a98e9888694b98226f",
                "sha256:87535dc2d2ef007b9d44e309d2b8ea27a03d2fa09556a72364d706fcb7090828",
                "sha256:a7ab28a8f1f043c58d157bceb64f80e4d2f7f1b934bc7ff5e7f7a55a337ea8b0",
                "sha256:a96f8fc625e9ff568838e556f6f6ae8eca8b4837cdfb3f90efcb7c00e342a2eb",
                "sha256:b5a114ea9b7fc90c2cc4867a866512672a47f66b154c6d7ee7e48ddb68b68122",
                "sha256:be04fe14ceed7f8641e30f36077c1a654ff6f17d0c7a5283b699d057d150d82a",
                "sha256:bff02030bab8b969f4de597543e55bd05e968567acb25c0a87495a31eb09e925",
                "sha256:c9ca9f76805e5a637605f171f6c4772fc4a81eced4e2f708f79c75166a2c99ea",
                "sha256:e1464a4a2cf12f58f662c8e6421772c07947266293fb701cb39cd9c1e183f63c",
                "sha256:e72736dd822748b0721f41f9aaaf6a5b6d5cfc78f6c8690263aef8bba4457f0e",
                "sha256:eafe9fa19fcefef424ee089fb01ac7177ff3691af7cc2ae8791ae523eb6ca907",
                "sha256:f4b73736108a416c76c17a8a09bc73af3d91edaa26c682aaa460ef91a47168d3"
            ],
            "index": "pypi",
            "version": "==3.12.2"
        },
        "py": {
            "hashes": [
                "sha256:21b81bda15b66ef5e1a777a21c4dcd9c20ad3efd0b3f817e7a809035269e1bd3",
                "sha256:3b80836aa6d1feeaa108e046da6423ab8f6ceda6468545ae8d02d9d58d18818a"
            ],
            "version": "==1.10.0"
        },
        "pyparsing": {
            "hashes": [
                "sha256:c203ec8783bf771a155b207279b9bccb8dea02d8f0c9e5f8ead507bc3246ecc1",
                "sha256:ef9d7589ef3c200abe66653d3f1ab1033c3c419ae9b9bdb1240a85b024efc88b"
            ],
            "version": "==2.4.7"
        },
        "pytest": {
            "hashes": [
                "sha256:1969f797a1a0dbd8ccf0fecc80262312729afea9c17f1d70ebf85c5e76c6f7c8",
                "sha256:66e419b1899bc27346cb2c993e12c5e5e8daba9073c1fbce33b9807abc95c306"
            ],
            "index": "pypi",
            "version": "==6.2.1"
        },
        "six": {
            "hashes": [
                "sha256:30639c035cdb23534cd4aa2dd52c3bf48f06e5f4a941509c8bafd8ce11080259",
                "sha256:8b74bedcbbbaca38ff6d7491d76f2b06b3592611af620f8426e82dddb04a5ced"
            ],
            "version": "==1.15.0"
        },
        "toml": {
            "hashes": [
                "sha256:806143ae5bfb6a3c6e736a764057db0e6a0e05e338b5630894a5f779cabb4f9b",
                "sha256:b3bda1d108d5dd99f4a20d24d9c348e91c4db7ab1b749200bded2f839ccbe68f"
            ],
            "version": "==0.10.2"
        },
        "typing-extensions": {
            "hashes": [
                "sha256:7cb407020f00f7bfc3cb3e7881628838e69d8f3fcab2f64742a5e76b2f841918",
                "sha256:99d4073b617d30288f569d3f13d2bd7548c3a7e4c8de87db09a9d29bb3a4a60c",
                "sha256:dafc7639cde7f1b6e1acc0f457842a83e722ccca8eef5270af2d74792619a89f"
            ],
            "markers": "python_version < '3.8'",
            "version": "==3.7.4.3"
        },
        "zipp": {
            "hashes": [
                "sha256:3607921face881ba3e026887d8150cca609d517579abe052ac81fc5aeffdbd76",
                "sha256:51cb66cc54621609dd593d1787f286ee42a5c0adbb4b29abea5a63edc3e03098"
            ],
            "version": "==3.4.1"
        }
    }
}
